
Microsoft Visual Studio Solution File, Format Version 12.00
# Visual Studio Version 17
VisualStudioVersion = 17.1.32414.318
MinimumVisualStudioVersion = 10.0.40219.1
Project("{FAE04EC0-301F-11D3-BF4B-00C04F79EFBC}") = "1HelloWorld", "1HelloWorld\1HelloWorld.csproj", "{C31EEFA9-62AE-4447-BDD7-5B8C32CD65D0}"
EndProject
Project("{FAE04EC0-301F-11D3-BF4B-00C04F79EFBC}") = "2Verzweigung", "2Verzweigung\2Verzweigung.csproj", "{572BC18E-C919-42DF-A32C-2656C1804E86}"
EndProject
Global
	GlobalSection(SolutionConfigurationPlatforms) = preSolution
		Debug|Any CPU = Debug|Any CPU
		Release|Any CPU = Release|Any CPU
	EndGlobalSection
	GlobalSection(ProjectConfigurationPlatforms) = postSolution
		{C31EEFA9-62AE-4447-BDD7-5B8C32CD65D0}.Debug|Any CPU.ActiveCfg = Debug|Any CPU
		{C31EEFA9-62AE-4447-BDD7-5B8C32CD65D0}.Debug|Any CPU.Build.0 = Debug|Any CPU
		{C31EEFA9-62AE-4447-BDD7-5B8C32CD65D0}.Release|Any CPU.ActiveCfg = Release|Any CPU
		{C31EEFA9-62AE-4447-BDD7-5B8C32CD65D0}.Release|Any CPU.Build.0 = Release|Any CPU
		{572BC18E-C919-42DF-A32C-2656C1804E86}.Debug|Any CPU.ActiveCfg = Debug|Any CPU
		{572BC18E-C919-42DF-A32C-2656C1804E86}.Debug|Any CPU.Build.0 = Debug|Any CPU
		{572BC18E-C919-42DF-A32C-2656C1804E86}.Release|Any CPU.ActiveCfg = Release|Any CPU
		{572BC18E-C919-42DF-A32C-2656C1804E86}.Release|Any CPU.Build.0 = Release|Any CPU
	EndGlobalSection
	GlobalSection(SolutionProperties) = preSolution
		HideSolutionNode = FALSE
	EndGlobalSection
	GlobalSection(ExtensibilityGlobals) = postSolution
		SolutionGuid = {E2157252-4868-4333-9281-9B0C477CFA3E}
	EndGlobalSection
EndGlobal
